# This file is automatically @generated by Poetry 1.8.2 and should not be changed by hand.

[[package]]
name = "modelgauge-openai"
version = "0.5.1"
description = ""
optional = false
python-versions = "*"
files = []

[[package]]
name = "modelgauge-perspective-api"
version = "0.5.1"
description = ""
optional = false
python-versions = "*"
files = []

[[package]]
name = "pandas"
version = "2.2.2"
description = "Powerful data structures for data analysis, time series, and statistics"
optional = false
python-versions = "*"
files = []

[[package]]
name = "pandas-stubs"
version = "2.2.1.240316"
description = "Type annotations for pandas"
optional = false
python-versions = "*"
files = []

[[package]]
name = "scikit-learn"
version = "1.4.2"
description = "A set of python modules for machine learning and data mining"
optional = false
python-versions = "*"
files = []

[[package]]
name = "statsmodels"
version = "0.14.2"
description = "Statistical computations and models for Python"
optional = false
python-versions = "*"
files = []

[metadata]
lock-version = "2.0"
python-versions = "^3.10"
content-hash = "35e1d1b14221e0d1624595f89bd7991fa37c8df8cc805df02782263b5c21ad7b"
